{
  "name": "nuxt-directory",
  "lockfileVersion": 2,
  "requires": true,
  "packages": {
    "": {
      "dependencies": {
        "momment": "^0.0.1",
        "nuxt-moment": "^1.0.5"
      }
    },
    "node_modules/consola": {
      "version": "2.15.3",
      "resolved": "https://registry.npmjs.org/consola/-/consola-2.15.3.tgz",
      "integrity": "sha512-9vAdYbHj6x2fLKC4+oPH0kFzY/orMZyG2Aj+kNylHxKGJ/Ed4dpNyAQYwJOdqO4zdM7XpVHmyejQDcQHrnuXbw=="
    },
    "node_modules/moment": {
      "version": "2.29.4",
      "resolved": "https://registry.npmjs.org/moment/-/moment-2.29.4.tgz",
      "integrity": "sha512-5LC9SOxjSc2HF6vO2CyuTDNivEdoz2IvyJJGj6X8DJ0eFyfszE0QiEd+iXmBvUP3WHxSjFH/vIsA0EN00cgr8w==",
      "engines": {
        "node": "*"
      }
    },
    "node_modules/momment": {
      "version": "0.0.1",
      "resolved": "https://registry.npmjs.org/momment/-/momment-0.0.1.tgz",
      "integrity": "sha512-AvXVohTAJGdvRX+audOcqcQLsezKf4hR+QJf4WY2+sHoW37sejk1hrr0qBffSkwgoSZAjkuQDOqC1FtKE7y8Kw=="
    },
    "node_modules/nuxt-moment": {
      "version": "1.0.5",
      "resolved": "https://registry.npmjs.org/nuxt-moment/-/nuxt-moment-1.0.5.tgz",
      "integrity": "sha512-rNnvDYt8tGnjbx7LFJ4G46J5qfwh4j6oJiX+IEbXu3qi31MxoCLxcNB28LdunvojJoU6n7xW6CbWxMR8UPzg1g==",
      "dependencies": {
        "consola": "^2.14.0",
        "moment": "^2.27.0"
      }
    }
  },
  "dependencies": {
    "consola": {
      "version": "2.15.3",
      "resolved": "https://registry.npmjs.org/consola/-/consola-2.15.3.tgz",
      "integrity": "sha512-9vAdYbHj6x2fLKC4+oPH0kFzY/orMZyG2Aj+kNylHxKGJ/Ed4dpNyAQYwJOdqO4zdM7XpVHmyejQDcQHrnuXbw=="
    },
    "moment": {
      "version": "2.29.4",
      "resolved": "https://registry.npmjs.org/moment/-/moment-2.29.4.tgz",
      "integrity": "sha512-5LC9SOxjSc2HF6vO2CyuTDNivEdoz2IvyJJGj6X8DJ0eFyfszE0QiEd+iXmBvUP3WHxSjFH/vIsA0EN00cgr8w=="
    },
    "momment": {
      "version": "0.0.1",
      "resolved": "https://registry.npmjs.org/momment/-/momment-0.0.1.tgz",
      "integrity": "sha512-AvXVohTAJGdvRX+audOcqcQLsezKf4hR+QJf4WY2+sHoW37sejk1hrr0qBffSkwgoSZAjkuQDOqC1FtKE7y8Kw=="
    },
    "nuxt-moment": {
      "version": "1.0.5",
      "resolved": "https://registry.npmjs.org/nuxt-moment/-/nuxt-moment-1.0.5.tgz",
      "integrity": "sha512-rNnvDYt8tGnjbx7LFJ4G46J5qfwh4j6oJiX+IEbXu3qi31MxoCLxcNB28LdunvojJoU6n7xW6CbWxMR8UPzg1g==",
      "requires": {
        "consola": "^2.14.0",
        "moment": "^2.27.0"
      }
    }
  }
}
